
Microsoft Visual Studio Solution File, Format Version 12.00
# Visual Studio Version 17
VisualStudioVersion = 17.13.35828.75 d17.13
MinimumVisualStudioVersion = 10.0.40219.1
Project("{FAE04EC0-301F-11D3-BF4B-00C04F79EFBC}") = "DiscountMachine", "DiscountMachine\DiscountMachine.csproj", "{8AF180A6-9133-49E3-BF9B-2763CB5DDD56}"
EndProject
Project("{FAE04EC0-301F-11D3-BF4B-00C04F79EFBC}") = "DiscountMachine.Test", "DiscountMachine.Test\DiscountMachine.Test.csproj", "{37034C75-CA2B-4D1D-BDD2-CBB5F8124AC5}"
EndProject
Global
	GlobalSection(SolutionConfigurationPlatforms) = preSolution
		Debug|Any CPU = Debug|Any CPU
		Release|Any CPU = Release|Any CPU
	EndGlobalSection
	GlobalSection(ProjectConfigurationPlatforms) = postSolution
		{8AF180A6-9133-49E3-BF9B-2763CB5DDD56}.Debug|Any CPU.ActiveCfg = Debug|Any CPU
		{8AF180A6-9133-49E3-BF9B-2763CB5DDD56}.Debug|Any CPU.Build.0 = Debug|Any CPU
		{8AF180A6-9133-49E3-BF9B-2763CB5DDD56}.Release|Any CPU.ActiveCfg = Release|Any CPU
		{8AF180A6-9133-49E3-BF9B-2763CB5DDD56}.Release|Any CPU.Build.0 = Release|Any CPU
		{37034C75-CA2B-4D1D-BDD2-CBB5F8124AC5}.Debug|Any CPU.ActiveCfg = Debug|Any CPU
		{37034C75-CA2B-4D1D-BDD2-CBB5F8124AC5}.Debug|Any CPU.Build.0 = Debug|Any CPU
		{37034C75-CA2B-4D1D-BDD2-CBB5F8124AC5}.Release|Any CPU.ActiveCfg = Release|Any CPU
		{37034C75-CA2B-4D1D-BDD2-CBB5F8124AC5}.Release|Any CPU.Build.0 = Release|Any CPU
	EndGlobalSection
	GlobalSection(SolutionProperties) = preSolution
		HideSolutionNode = FALSE
	EndGlobalSection
	GlobalSection(ExtensibilityGlobals) = postSolution
		SolutionGuid = {1D9DB6CE-7163-4DA6-B3B3-83FB007B9C71}
	EndGlobalSection
EndGlobal
